
Microsoft Visual Studio Solution File, Format Version 12.00
# Visual Studio Version 17
VisualStudioVersion = 17.8.34525.116
MinimumVisualStudioVersion = 10.0.40219.1
Project("{9A19103F-16F7-4668-BE54-9A1E7A4F7556}") = "WebAPI", "BerfTicket\WebAPI.csproj", "{08A4C117-AFEC-4546-BE44-6151FA863A64}"
EndProject
Project("{9A19103F-16F7-4668-BE54-9A1E7A4F7556}") = "Entities", "Entities\Entities.csproj", "{D06F7613-BB0E-4239-8A35-5C52247635A3}"
EndProject
Project("{9A19103F-16F7-4668-BE54-9A1E7A4F7556}") = "DataAccess", "DataAccess\DataAccess.csproj", "{EA0ABE81-F29C-44D7-83B5-553A52EBCB3C}"
EndProject
Project("{9A19103F-16F7-4668-BE54-9A1E7A4F7556}") = "Core", "Core\Core.csproj", "{77006959-BDA4-42EA-80B6-9F6CF4F5B92C}"
EndProject
Project("{9A19103F-16F7-4668-BE54-9A1E7A4F7556}") = "Businnes", "Businnes\Businnes.csproj", "{D9496755-5790-437E-823B-3B5BA344EA40}"
EndProject
Global
	GlobalSection(SolutionConfigurationPlatforms) = preSolution
		Debug|Any CPU = Debug|Any CPU
		Release|Any CPU = Release|Any CPU
	EndGlobalSection
	GlobalSection(ProjectConfigurationPlatforms) = postSolution
		{08A4C117-AFEC-4546-BE44-6151FA863A64}.Debug|Any CPU.ActiveCfg = Debug|Any CPU
		{08A4C117-AFEC-4546-BE44-6151FA863A64}.Debug|Any CPU.Build.0 = Debug|Any CPU
		{08A4C117-AFEC-4546-BE44-6151FA863A64}.Release|Any CPU.ActiveCfg = Release|Any CPU
		{08A4C117-AFEC-4546-BE44-6151FA863A64}.Release|Any CPU.Build.0 = Release|Any CPU
		{D06F7613-BB0E-4239-8A35-5C52247635A3}.Debug|Any CPU.ActiveCfg = Debug|Any CPU
		{D06F7613-BB0E-4239-8A35-5C52247635A3}.Debug|Any CPU.Build.0 = Debug|Any CPU
		{D06F7613-BB0E-4239-8A35-5C52247635A3}.Release|Any CPU.ActiveCfg = Release|Any CPU
		{D06F7613-BB0E-4239-8A35-5C52247635A3}.Release|Any CPU.Build.0 = Release|Any CPU
		{EA0ABE81-F29C-44D7-83B5-553A52EBCB3C}.Debug|Any CPU.ActiveCfg = Debug|Any CPU
		{EA0ABE81-F29C-44D7-83B5-553A52EBCB3C}.Debug|Any CPU.Build.0 = Debug|Any CPU
		{EA0ABE81-F29C-44D7-83B5-553A52EBCB3C}.Release|Any CPU.ActiveCfg = Release|Any CPU
		{EA0ABE81-F29C-44D7-83B5-553A52EBCB3C}.Release|Any CPU.Build.0 = Release|Any CPU
		{77006959-BDA4-42EA-80B6-9F6CF4F5B92C}.Debug|Any CPU.ActiveCfg = Debug|Any CPU
		{77006959-BDA4-42EA-80B6-9F6CF4F5B92C}.Debug|Any CPU.Build.0 = Debug|Any CPU
		{77006959-BDA4-42EA-80B6-9F6CF4F5B92C}.Release|Any CPU.ActiveCfg = Release|Any CPU
		{77006959-BDA4-42EA-80B6-9F6CF4F5B92C}.Release|Any CPU.Build.0 = Release|Any CPU
		{D9496755-5790-437E-823B-3B5BA344EA40}.Debug|Any CPU.ActiveCfg = Debug|Any CPU
		{D9496755-5790-437E-823B-3B5BA344EA40}.Debug|Any CPU.Build.0 = Debug|Any CPU
		{D9496755-5790-437E-823B-3B5BA344EA40}.Release|Any CPU.ActiveCfg = Release|Any CPU
		{D9496755-5790-437E-823B-3B5BA344EA40}.Release|Any CPU.Build.0 = Release|Any CPU
	EndGlobalSection
	GlobalSection(SolutionProperties) = preSolution
		HideSolutionNode = FALSE
	EndGlobalSection
	GlobalSection(ExtensibilityGlobals) = postSolution
		SolutionGuid = {3C89F961-4171-4B6D-96CC-AE604AE5CC5F}
	EndGlobalSection
EndGlobal
